{
  "name": "Ideias",
  "lockfileVersion": 3,
  "requires": true,
  "packages": {
    "": {
      "dependencies": {
        "consign": "^0.1.6"
      }
    },
    "node_modules/consign": {
      "version": "0.1.6",
      "resolved": "https://registry.npmjs.org/consign/-/consign-0.1.6.tgz",
      "integrity": "sha512-Idlqa7N46rD6Odarx9qArbMpPrljc8DjV2DYH6uAFoOLITtuanhi2S/Z4LX4Jvg6+ef16Mjwwp5k5c5fMoOzIA==",
      "engines": {
        "node": "*"
      }
    }
  }
}
